// !$*UTF8*$!
{
	archiveVersion = 1;
	classes = {
	};
	objectVersion = 48;
	objects = {

/* Begin PBXBuildFile section */
		0B87EEAA202CAF9300226597 /* AppDelegate.swift in Sources */ = {isa = PBXBuildFile; fileRef = 0B87EEA9202CAF9300226597 /* AppDelegate.swift */; };
		0B87EEAC202CAF9300226597 /* GameViewController.swift in Sources */ = {isa = PBXBuildFile; fileRef = 0B87EEAB202CAF9300226597 /* GameViewController.swift */; };
		0B87EEAF202CAF9300226597 /* Main.storyboard in Resources */ = {isa = PBXBuildFile; fileRef = 0B87EEAD202CAF9300226597 /* Main.storyboard */; };
		0B87EEB2202CAF9300226597 /* LaunchScreen.storyboard in Resources */ = {isa = PBXBuildFile; fileRef = 0B87EEB0202CAF9300226597 /* LaunchScreen.storyboard */; };
		0B87EEBB202CAF9300226597 /* AppDelegate.swift in Sources */ = {isa = PBXBuildFile; fileRef = 0B87EEBA202CAF9300226597 /* AppDelegate.swift */; };
		0B87EEBD202CAF9300226597 /* GameViewController.swift in Sources */ = {isa = PBXBuildFile; fileRef = 0B87EEBC202CAF9300226597 /* GameViewController.swift */; };
		0B87EEC0202CAF9300226597 /* Main.storyboard in Resources */ = {isa = PBXBuildFile; fileRef = 0B87EEBE202CAF9300226597 /* Main.storyboard */; };
		0B87EEC6202CAF9300226597 /* GameScene.swift in Sources */ = {isa = PBXBuildFile; fileRef = 0B87EEA0202CAF9300226597 /* GameScene.swift */; };
		0B87EEC7202CAF9300226597 /* GameScene.swift in Sources */ = {isa = PBXBuildFile; fileRef = 0B87EEA0202CAF9300226597 /* GameScene.swift */; };
		0B87EEC8202CAF9300226597 /* Assets.xcassets in Resources */ = {isa = PBXBuildFile; fileRef = 0B87EEA1202CAF9300226597 /* Assets.xcassets */; };
		0B87EEC9202CAF9300226597 /* Assets.xcassets in Resources */ = {isa = PBXBuildFile; fileRef = 0B87EEA1202CAF9300226597 /* Assets.xcassets */; };
		0B87EED4202CBE6800226597 /* GameController.framework in Frameworks */ = {isa = PBXBuildFile; fileRef = 0B87EED3202CBE6800226597 /* GameController.framework */; };
/* End PBXBuildFile section */

/* Begin PBXFileReference section */
		0B87EEA0202CAF9300226597 /* GameScene.swift */ = {isa = PBXFileReference; lastKnownFileType = sourcecode.swift; path = GameScene.swift; sourceTree = "<group>"; };
		0B87EEA1202CAF9300226597 /* Assets.xcassets */ = {isa = PBXFileReference; lastKnownFileType = folder.assetcatalog; path = Assets.xcassets; sourceTree = "<group>"; };
		0B87EEA6202CAF9300226597 /* GameControllerTest.app */ = {isa = PBXFileReference; explicitFileType = wrapper.application; includeInIndex = 0; path = GameControllerTest.app; sourceTree = BUILT_PRODUCTS_DIR; };
		0B87EEA9202CAF9300226597 /* AppDelegate.swift */ = {isa = PBXFileReference; lastKnownFileType = sourcecode.swift; path = AppDelegate.swift; sourceTree = "<group>"; };
		0B87EEAB202CAF9300226597 /* GameViewController.swift */ = {isa = PBXFileReference; lastKnownFileType = sourcecode.swift; path = GameViewController.swift; sourceTree = "<group>"; };
		0B87EEAE202CAF9300226597 /* Base */ = {isa = PBXFileReference; lastKnownFileType = file.storyboard; name = Base; path = Base.lproj/Main.storyboard; sourceTree = "<group>"; };
		0B87EEB1202CAF9300226597 /* Base */ = {isa = PBXFileReference; lastKnownFileType = file.storyboard; name = Base; path = Base.lproj/LaunchScreen.storyboard; sourceTree = "<group>"; };
		0B87EEB3202CAF9300226597 /* Info.plist */ = {isa = PBXFileReference; lastKnownFileType = text.plist.xml; path = Info.plist; sourceTree = "<group>"; };
		0B87EEB8202CAF9300226597 /* GameControllerTest.app */ = {isa = PBXFileReference; explicitFileType = wrapper.application; includeInIndex = 0; path = GameControllerTest.app; sourceTree = BUILT_PRODUCTS_DIR; };
		0B87EEBA202CAF9300226597 /* AppDelegate.swift */ = {isa = PBXFileReference; lastKnownFileType = sourcecode.swift; path = AppDelegate.swift; sourceTree = "<group>"; };
		0B87EEBC202CAF9300226597 /* GameViewController.swift */ = {isa = PBXFileReference; lastKnownFileType = sourcecode.swift; path = GameViewController.swift; sourceTree = "<group>"; };
		0B87EEBF202CAF9300226597 /* Base */ = {isa = PBXFileReference; lastKnownFileType = file.storyboard; name = Base; path = Base.lproj/Main.storyboard; sourceTree = "<group>"; };
		0B87EEC1202CAF9300226597 /* Info.plist */ = {isa = PBXFileReference; lastKnownFileType = text.plist.xml; path = Info.plist; sourceTree = "<group>"; };
		0B87EED3202CBE6800226597 /* GameController.framework */ = {isa = PBXFileReference; lastKnownFileType = wrapper.framework; name = GameController.framework; path = Platforms/AppleTVOS.platform/Developer/SDKs/AppleTVOS11.1.sdk/System/Library/Frameworks/GameController.framework; sourceTree = DEVELOPER_DIR; };
/* End PBXFileReference section */

/* Begin PBXFrameworksBuildPhase section */
		0B87EEA3202CAF9300226597 /* Frameworks */ = {
			isa = PBXFrameworksBuildPhase;
			buildActionMask = 2147483647;
			files = (
			);
			runOnlyForDeploymentPostprocessing = 0;
		};
		0B87EEB5202CAF9300226597 /* Frameworks */ = {
			isa = PBXFrameworksBuildPhase;
			buildActionMask = 2147483647;
			files = (
				0B87EED4202CBE6800226597 /* GameController.framework in Frameworks */,
			);
			runOnlyForDeploymentPostprocessing = 0;
		};
/* End PBXFrameworksBuildPhase section */

/* Begin PBXGroup section */
		0B87EE98202CAF9300226597 = {
			isa = PBXGroup;
			children = (
				0B87EE9D202CAF9300226597 /* GameControllerTest Shared */,
				0B87EEA8202CAF9300226597 /* GameControllerTest iOS */,
				0B87EEB9202CAF9300226597 /* GameControllerTest tvOS */,
				0B87EEA7202CAF9300226597 /* Products */,
				0B87EED2202CBE6800226597 /* Frameworks */,
			);
			sourceTree = "<group>";
		};
		0B87EE9D202CAF9300226597 /* GameControllerTest Shared */ = {
			isa = PBXGroup;
			children = (
				0B87EEA0202CAF9300226597 /* GameScene.swift */,
				0B87EEA1202CAF9300226597 /* Assets.xcassets */,
			);
			path = "GameControllerTest Shared";
			sourceTree = "<group>";
		};
		0B87EEA7202CAF9300226597 /* Products */ = {
			isa = PBXGroup;
			children = (
				0B87EEA6202CAF9300226597 /* GameControllerTest.app */,
				0B87EEB8202CAF9300226597 /* GameControllerTest.app */,
			);
			name = Products;
			sourceTree = "<group>";
		};
		0B87EEA8202CAF9300226597 /* GameControllerTest iOS */ = {
			isa = PBXGroup;
			children = (
				0B87EEA9202CAF9300226597 /* AppDelegate.swift */,
				0B87EEAB202CAF9300226597 /* GameViewController.swift */,
				0B87EEAD202CAF9300226597 /* Main.storyboard */,
				0B87EEB0202CAF9300226597 /* LaunchScreen.storyboard */,
				0B87EEB3202CAF9300226597 /* Info.plist */,
			);
			path = "GameControllerTest iOS";
			sourceTree = "<group>";
		};
		0B87EEB9202CAF9300226597 /* GameControllerTest tvOS */ = {
			isa = PBXGroup;
			children = (
				0B87EEBA202CAF9300226597 /* AppDelegate.swift */,
				0B87EEBC202CAF9300226597 /* GameViewController.swift */,
				0B87EEBE202CAF9300226597 /* Main.storyboard */,
				0B87EEC1202CAF9300226597 /* Info.plist */,
			);
			path = "GameControllerTest tvOS";
			sourceTree = "<group>";
		};
		0B87EED2202CBE6800226597 /* Frameworks */ = {
			isa = PBXGroup;
			children = (
				0B87EED3202CBE6800226597 /* GameController.framework */,
			);
			name = Frameworks;
			sourceTree = "<group>";
		};
/* End PBXGroup section */

/* Begin PBXNativeTarget section */
		0B87EEA5202CAF9300226597 /* GameControllerTest iOS */ = {
			isa = PBXNativeTarget;
			buildConfigurationList = 0B87EECC202CAF9300226597 /* Build configuration list for PBXNativeTarget "GameControllerTest iOS" */;
			buildPhases = (
				0B87EEA2202CAF9300226597 /* Sources */,
				0B87EEA3202CAF9300226597 /* Frameworks */,
				0B87EEA4202CAF9300226597 /* Resources */,
			);
			buildRules = (
			);
			dependencies = (
			);
			name = "GameControllerTest iOS";
			productName = "GameControllerTest iOS";
			productReference = 0B87EEA6202CAF9300226597 /* GameControllerTest.app */;
			productType = "com.apple.product-type.application";
		};
		0B87EEB7202CAF9300226597 /* GameControllerTest tvOS */ = {
			isa = PBXNativeTarget;
			buildConfigurationList = 0B87EECF202CAF9300226597 /* Build configuration list for PBXNativeTarget "GameControllerTest tvOS" */;
			buildPhases = (
				0B87EEB4202CAF9300226597 /* Sources */,
				0B87EEB5202CAF9300226597 /* Frameworks */,
				0B87EEB6202CAF9300226597 /* Resources */,
			);
			buildRules = (
			);
			dependencies = (
			);
			name = "GameControllerTest tvOS";
			productName = "GameControllerTest tvOS";
			productReference = 0B87EEB8202CAF9300226597 /* GameControllerTest.app */;
			productType = "com.apple.product-type.application";
		};
/* End PBXNativeTarget section */

/* Begin PBXProject section */
		0B87EE99202CAF9300226597 /* Project object */ = {
			isa = PBXProject;
			attributes = {
				LastSwiftUpdateCheck = 0910;
				LastUpgradeCheck = 0910;
				ORGANIZATIONNAME = "Afonso Lucas";
				TargetAttributes = {
					0B87EEA5202CAF9300226597 = {
						CreatedOnToolsVersion = 9.1;
						ProvisioningStyle = Automatic;
					};
					0B87EEB7202CAF9300226597 = {
						CreatedOnToolsVersion = 9.1;
						ProvisioningStyle = Automatic;
						SystemCapabilities = {
							com.apple.GameControllers.appletvos = {
								enabled = 1;
							};
						};
					};
				};
			};
			buildConfigurationList = 0B87EE9C202CAF9300226597 /* Build configuration list for PBXProject "GameControllerTest" */;
			compatibilityVersion = "Xcode 8.0";
			developmentRegion = en;
			hasScannedForEncodings = 0;
			knownRegions = (
				en,
				Base,
			);
			mainGroup = 0B87EE98202CAF9300226597;
			productRefGroup = 0B87EEA7202CAF9300226597 /* Products */;
			projectDirPath = "";
			projectRoot = "";
			targets = (
				0B87EEA5202CAF9300226597 /* GameControllerTest iOS */,
				0B87EEB7202CAF9300226597 /* GameControllerTest tvOS */,
			);
		};
/* End PBXProject section */

/* Begin PBXResourcesBuildPhase section */
		0B87EEA4202CAF9300226597 /* Resources */ = {
			isa = PBXResourcesBuildPhase;
			buildActionMask = 2147483647;
			files = (
				0B87EEAF202CAF9300226597 /* Main.storyboard in Resources */,
				0B87EEB2202CAF9300226597 /* LaunchScreen.storyboard in Resources */,
				0B87EEC8202CAF9300226597 /* Assets.xcassets in Resources */,
			);
			runOnlyForDeploymentPostprocessing = 0;
		};
		0B87EEB6202CAF9300226597 /* Resources */ = {
			isa = PBXResourcesBuildPhase;
			buildActionMask = 2147483647;
			files = (
				0B87EEC0202CAF9300226597 /* Main.storyboard in Resources */,
				0B87EEC9202CAF9300226597 /* Assets.xcassets in Resources */,
			);
			runOnlyForDeploymentPostprocessing = 0;
		};
/* End PBXResourcesBuildPhase section */

/* Begin PBXSourcesBuildPhase section */
		0B87EEA2202CAF9300226597 /* Sources */ = {
			isa = PBXSourcesBuildPhase;
			buildActionMask = 2147483647;
			files = (
				0B87EEC6202CAF9300226597 /* GameScene.swift in Sources */,
				0B87EEAC202CAF9300226597 /* GameViewController.swift in Sources */,
				0B87EEAA202CAF9300226597 /* AppDelegate.swift in Sources */,
			);
			runOnlyForDeploymentPostprocessing = 0;
		};
		0B87EEB4202CAF9300226597 /* Sources */ = {
			isa = PBXSourcesBuildPhase;
			buildActionMask = 2147483647;
			files = (
				0B87EEC7202CAF9300226597 /* GameScene.swift in Sources */,
				0B87EEBD202CAF9300226597 /* GameViewController.swift in Sources */,
				0B87EEBB202CAF9300226597 /* AppDelegate.swift in Sources */,
			);
			runOnlyForDeploymentPostprocessing = 0;
		};
/* End PBXSourcesBuildPhase section */

/* Begin PBXVariantGroup section */
		0B87EEAD202CAF9300226597 /* Main.storyboard */ = {
			isa = PBXVariantGroup;
			children = (
				0B87EEAE202CAF9300226597 /* Base */,
			);
			name = Main.storyboard;
			sourceTree = "<group>";
		};
		0B87EEB0202CAF9300226597 /* LaunchScreen.storyboard */ = {
			isa = PBXVariantGroup;
			children = (
				0B87EEB1202CAF9300226597 /* Base */,
			);
			name = LaunchScreen.storyboard;
			sourceTree = "<group>";
		};
		0B87EEBE202CAF9300226597 /* Main.storyboard */ = {
			isa = PBXVariantGroup;
			children = (
				0B87EEBF202CAF9300226597 /* Base */,
			);
			name = Main.storyboard;
			sourceTree = "<group>";
		};
/* End PBXVariantGroup section */

/* Begin XCBuildConfiguration section */
		0B87EECA202CAF9300226597 /* Debug */ = {
			isa = XCBuildConfiguration;
			buildSettings = {
				ALWAYS_SEARCH_USER_PATHS = NO;
				CLANG_ANALYZER_NONNULL = YES;
				CLANG_ANALYZER_NUMBER_OBJECT_CONVERSION = YES_AGGRESSIVE;
				CLANG_CXX_LANGUAGE_STANDARD = "gnu++14";
				CLANG_CXX_LIBRARY = "libc++";
				CLANG_ENABLE_MODULES = YES;
				CLANG_ENABLE_OBJC_ARC = YES;
				CLANG_WARN_BLOCK_CAPTURE_AUTORELEASING = YES;
				CLANG_WARN_BOOL_CONVERSION = YES;
				CLANG_WARN_COMMA = YES;
				CLANG_WARN_CONSTANT_CONVERSION = YES;
				CLANG_WARN_DIRECT_OBJC_ISA_USAGE = YES_ERROR;
				CLANG_WARN_DOCUMENTATION_COMMENTS = YES;
				CLANG_WARN_EMPTY_BODY = YES;
				CLANG_WARN_ENUM_CONVERSION = YES;
				CLANG_WARN_INFINITE_RECURSION = YES;
				CLANG_WARN_INT_CONVERSION = YES;
				CLANG_WARN_NON_LITERAL_NULL_CONVERSION = YES;
				CLANG_WARN_OBJC_LITERAL_CONVERSION = YES;
				CLANG_WARN_OBJC_ROOT_CLASS = YES_ERROR;
				CLANG_WARN_RANGE_LOOP_ANALYSIS = YES;
				CLANG_WARN_STRICT_PROTOTYPES = YES;
				CLANG_WARN_SUSPICIOUS_MOVE = YES;
				CLANG_WARN_UNGUARDED_AVAILABILITY = YES_AGGRESSIVE;
				CLANG_WARN_UNREACHABLE_CODE = YES;
				CLANG_WARN__DUPLICATE_METHOD_MATCH = YES;
				COPY_PHASE_STRIP = NO;
				DEBUG_INFORMATION_FORMAT = dwarf;
				ENABLE_STRICT_OBJC_MSGSEND = YES;
				ENABLE_TESTABILITY = YES;
				GCC_C_LANGUAGE_STANDARD = gnu11;
				GCC_DYNAMIC_NO_PIC = NO;
				GCC_NO_COMMON_BLOCKS = YES;
				GCC_OPTIMIZATION_LEVEL = 0;
				GCC_PREPROCESSOR_DEFINITIONS = (
					"DEBUG=1",
					"$(inherited)",
				);
				GCC_WARN_64_TO_32_BIT_CONVERSION = YES;
				GCC_WARN_ABOUT_RETURN_TYPE = YES_ERROR;
				GCC_WARN_UNDECLARED_SELECTOR = YES;
				GCC_WARN_UNINITIALIZED_AUTOS = YES_AGGRESSIVE;
				GCC_WARN_UNUSED_FUNCTION = YES;
				GCC_WARN_UNUSED_VARIABLE = YES;
				MTL_ENABLE_DEBUG_INFO = YES;
				ONLY_ACTIVE_ARCH = YES;
				SWIFT_ACTIVE_COMPILATION_CONDITIONS = DEBUG;
				SWIFT_OPTIMIZATION_LEVEL = "-Onone";
			};
			name = Debug;
		};
		0B87EECB202CAF9300226597 /* Release */ = {
			isa = XCBuildConfiguration;
			buildSettings = {
				ALWAYS_SEARCH_USER_PATHS = NO;
				CLANG_ANALYZER_NONNULL = YES;
				CLANG_ANALYZER_NUMBER_OBJECT_CONVERSION = YES_AGGRESSIVE;
				CLANG_CXX_LANGUAGE_STANDARD = "gnu++14";
				CLANG_CXX_LIBRARY = "libc++";
				CLANG_ENABLE_MODULES = YES;
				CLANG_ENABLE_OBJC_ARC = YES;
				CLANG_WARN_BLOCK_CAPTURE_AUTORELEASING = YES;
				CLANG_WARN_BOOL_CONVERSION = YES;
				CLANG_WARN_COMMA = YES;
				CLANG_WARN_CONSTANT_CONVERSION = YES;
				CLANG_WARN_DIRECT_OBJC_ISA_USAGE = YES_ERROR;
				CLANG_WARN_DOCUMENTATION_COMMENTS = YES;
				CLANG_WARN_EMPTY_BODY = YES;
				CLANG_WARN_ENUM_CONVERSION = YES;
				CLANG_WARN_INFINITE_RECURSION = YES;
				CLANG_WARN_INT_CONVERSION = YES;
				CLANG_WARN_NON_LITERAL_NULL_CONVERSION = YES;
				CLANG_WARN_OBJC_LITERAL_CONVERSION = YES;
				CLANG_WARN_OBJC_ROOT_CLASS = YES_ERROR;
				CLANG_WARN_RANGE_LOOP_ANALYSIS = YES;
				CLANG_WARN_STRICT_PROTOTYPES = YES;
				CLANG_WARN_SUSPICIOUS_MOVE = YES;
				CLANG_WARN_UNGUARDED_AVAILABILITY = YES_AGGRESSIVE;
				CLANG_WARN_UNREACHABLE_CODE = YES;
				CLANG_WARN__DUPLICATE_METHOD_MATCH = YES;
				COPY_PHASE_STRIP = NO;
				DEBUG_INFORMATION_FORMAT = "dwarf-with-dsym";
				ENABLE_NS_ASSERTIONS = NO;
				ENABLE_STRICT_OBJC_MSGSEND = YES;
				GCC_C_LANGUAGE_STANDARD = gnu11;
				GCC_NO_COMMON_BLOCKS = YES;
				GCC_WARN_64_TO_32_BIT_CONVERSION = YES;
				GCC_WARN_ABOUT_RETURN_TYPE = YES_ERROR;
				GCC_WARN_UNDECLARED_SELECTOR = YES;
				GCC_WARN_UNINITIALIZED_AUTOS = YES_AGGRESSIVE;
				GCC_WARN_UNUSED_FUNCTION = YES;
				GCC_WARN_UNUSED_VARIABLE = YES;
				MTL_ENABLE_DEBUG_INFO = NO;
				SWIFT_OPTIMIZATION_LEVEL = "-Owholemodule";
			};
			name = Release;
		};
		0B87EECD202CAF9300226597 /* Debug */ = {
			isa = XCBuildConfiguration;
			buildSettings = {
				ASSETCATALOG_COMPILER_APPICON_NAME = AppIcon;
				CODE_SIGN_IDENTITY = "iPhone Developer";
				CODE_SIGN_STYLE = Automatic;
				DEVELOPMENT_TEAM = 93SN3983XU;
				INFOPLIST_FILE = "GameControllerTest iOS/Info.plist";
				IPHONEOS_DEPLOYMENT_TARGET = 11.1;
				LD_RUNPATH_SEARCH_PATHS = "$(inherited) @executable_path/Frameworks";
				PRODUCT_BUNDLE_IDENTIFIER = br.com.afonsolucas.GameControllerTest;
				PRODUCT_NAME = GameControllerTest;
				SDKROOT = iphoneos;
				SWIFT_VERSION = 4.0;
				TARGETED_DEVICE_FAMILY = "1,2";
			};
			name = Debug;
		};
		0B87EECE202CAF9300226597 /* Release */ = {
			isa = XCBuildConfiguration;
			buildSettings = {
				ASSETCATALOG_COMPILER_APPICON_NAME = AppIcon;
				CODE_SIGN_IDENTITY = "iPhone Developer";
				CODE_SIGN_STYLE = Automatic;
				DEVELOPMENT_TEAM = 93SN3983XU;
				INFOPLIST_FILE = "GameControllerTest iOS/Info.plist";
				IPHONEOS_DEPLOYMENT_TARGET = 11.1;
				LD_RUNPATH_SEARCH_PATHS = "$(inherited) @executable_path/Frameworks";
				PRODUCT_BUNDLE_IDENTIFIER = br.com.afonsolucas.GameControllerTest;
				PRODUCT_NAME = GameControllerTest;
				SDKROOT = iphoneos;
				SWIFT_VERSION = 4.0;
				TARGETED_DEVICE_FAMILY = "1,2";
				VALIDATE_PRODUCT = YES;
			};
			name = Release;
		};
		0B87EED0202CAF9300226597 /* Debug */ = {
			isa = XCBuildConfiguration;
			buildSettings = {
				ASSETCATALOG_COMPILER_APPICON_NAME = "tvOS App Icon & Top Shelf Image";
				ASSETCATALOG_COMPILER_LAUNCHIMAGE_NAME = "tvOS LaunchImage";
				CODE_SIGN_STYLE = Automatic;
				DEVELOPMENT_TEAM = 93SN3983XU;
				INFOPLIST_FILE = "GameControllerTest tvOS/Info.plist";
				LD_RUNPATH_SEARCH_PATHS = "$(inherited) @executable_path/Frameworks";
				PRODUCT_BUNDLE_IDENTIFIER = br.com.afonsolucas.GameControllerTest;
				PRODUCT_NAME = GameControllerTest;
				SDKROOT = appletvos;
				SWIFT_VERSION = 4.0;
				TARGETED_DEVICE_FAMILY = 3;
				TVOS_DEPLOYMENT_TARGET = 11.1;
			};
			name = Debug;
		};
		0B87EED1202CAF9300226597 /* Release */ = {
			isa = XCBuildConfiguration;
			buildSettings = {
				ASSETCATALOG_COMPILER_APPICON_NAME = "tvOS App Icon & Top Shelf Image";
				ASSETCATALOG_COMPILER_LAUNCHIMAGE_NAME = "tvOS LaunchImage";
				CODE_SIGN_STYLE = Automatic;
				DEVELOPMENT_TEAM = 93SN3983XU;
				INFOPLIST_FILE = "GameControllerTest tvOS/Info.plist";
				LD_RUNPATH_SEARCH_PATHS = "$(inherited) @executable_path/Frameworks";
				PRODUCT_BUNDLE_IDENTIFIER = br.com.afonsolucas.GameControllerTest;
				PRODUCT_NAME = GameControllerTest;
				SDKROOT = appletvos;
				SWIFT_VERSION = 4.0;
				TARGETED_DEVICE_FAMILY = 3;
				TVOS_DEPLOYMENT_TARGET = 11.1;
				VALIDATE_PRODUCT = YES;
			};
			name = Release;
		};
/* End XCBuildConfiguration section */

/* Begin XCConfigurationList section */
		0B87EE9C202CAF9300226597 /* Build configuration list for PBXProject "GameControllerTest" */ = {
			isa = XCConfigurationList;
			buildConfigurations = (
				0B87EECA202CAF9300226597 /* Debug */,
				0B87EECB202CAF9300226597 /* Release */,
			);
			defaultConfigurationIsVisible = 0;
			defaultConfigurationName = Release;
		};
		0B87EECC202CAF9300226597 /* Build configuration list for PBXNativeTarget "GameControllerTest iOS" */ = {
			isa = XCConfigurationList;
			buildConfigurations = (
				0B87EECD202CAF9300226597 /* Debug */,
				0B87EECE202CAF9300226597 /* Release */,
			);
			defaultConfigurationIsVisible = 0;
			defaultConfigurationName = Release;
		};
		0B87EECF202CAF9300226597 /* Build configuration list for PBXNativeTarget "GameControllerTest tvOS" */ = {
			isa = XCConfigurationList;
			buildConfigurations = (
				0B87EED0202CAF9300226597 /* Debug */,
				0B87EED1202CAF9300226597 /* Release */,
			);
			defaultConfigurationIsVisible = 0;
			defaultConfigurationName = Release;
		};
/* End XCConfigurationList section */
	};
	rootObject = 0B87EE99202CAF9300226597 /* Project object */;
}
